// !$*UTF8*$!
{
	archiveVersion = 1;
	classes = {
	};
	objectVersion = 50;
	objects = {

/* Begin PBXBuildFile section */
		56147C5521439DCE00EC1019 /* AppDelegate.swift in Sources */ = {isa = PBXBuildFile; fileRef = 56147C5421439DCE00EC1019 /* AppDelegate.swift */; };
		56147C5721439DCE00EC1019 /* ViewController.swift in Sources */ = {isa = PBXBuildFile; fileRef = 56147C5621439DCE00EC1019 /* ViewController.swift */; };
		56147C5A21439DCE00EC1019 /* Main.storyboard in Resources */ = {isa = PBXBuildFile; fileRef = 56147C5821439DCE00EC1019 /* Main.storyboard */; };
		56147C5C21439DCF00EC1019 /* Assets.xcassets in Resources */ = {isa = PBXBuildFile; fileRef = 56147C5B21439DCF00EC1019 /* Assets.xcassets */; };
		56147C5F21439DCF00EC1019 /* LaunchScreen.storyboard in Resources */ = {isa = PBXBuildFile; fileRef = 56147C5D21439DCF00EC1019 /* LaunchScreen.storyboard */; };
		56147C6A21439DCF00EC1019 /* Calculator_ExampleTests.swift in Sources */ = {isa = PBXBuildFile; fileRef = 56147C6921439DCF00EC1019 /* Calculator_ExampleTests.swift */; };
		56147C7521439DCF00EC1019 /* Calculator_ExampleUITests.swift in Sources */ = {isa = PBXBuildFile; fileRef = 56147C7421439DCF00EC1019 /* Calculator_ExampleUITests.swift */; };
/* End PBXBuildFile section */

/* Begin PBXContainerItemProxy section */
		56147C6621439DCF00EC1019 /* PBXContainerItemProxy */ = {
			isa = PBXContainerItemProxy;
			containerPortal = 56147C4921439DCE00EC1019 /* Project object */;
			proxyType = 1;
			remoteGlobalIDString = 56147C5021439DCE00EC1019;
			remoteInfo = "Calculator Example";
		};
		56147C7121439DCF00EC1019 /* PBXContainerItemProxy */ = {
			isa = PBXContainerItemProxy;
			containerPortal = 56147C4921439DCE00EC1019 /* Project object */;
			proxyType = 1;
			remoteGlobalIDString = 56147C5021439DCE00EC1019;
			remoteInfo = "Calculator Example";
		};
/* End PBXContainerItemProxy section */

/* Begin PBXFileReference section */
		56147C5121439DCE00EC1019 /* Calculator Example.app */ = {isa = PBXFileReference; explicitFileType = wrapper.application; includeInIndex = 0; path = "Calculator Example.app"; sourceTree = BUILT_PRODUCTS_DIR; };
		56147C5421439DCE00EC1019 /* AppDelegate.swift */ = {isa = PBXFileReference; lastKnownFileType = sourcecode.swift; path = AppDelegate.swift; sourceTree = "<group>"; };
		56147C5621439DCE00EC1019 /* ViewController.swift */ = {isa = PBXFileReference; lastKnownFileType = sourcecode.swift; path = ViewController.swift; sourceTree = "<group>"; };
		56147C5921439DCE00EC1019 /* Base */ = {isa = PBXFileReference; lastKnownFileType = file.storyboard; name = Base; path = Base.lproj/Main.storyboard; sourceTree = "<group>"; };
		56147C5B21439DCF00EC1019 /* Assets.xcassets */ = {isa = PBXFileReference; lastKnownFileType = folder.assetcatalog; path = Assets.xcassets; sourceTree = "<group>"; };
		56147C5E21439DCF00EC1019 /* Base */ = {isa = PBXFileReference; lastKnownFileType = file.storyboard; name = Base; path = Base.lproj/LaunchScreen.storyboard; sourceTree = "<group>"; };
		56147C6021439DCF00EC1019 /* Info.plist */ = {isa = PBXFileReference; lastKnownFileType = text.plist.xml; path = Info.plist; sourceTree = "<group>"; };
		56147C6521439DCF00EC1019 /* Calculator ExampleTests.xctest */ = {isa = PBXFileReference; explicitFileType = wrapper.cfbundle; includeInIndex = 0; path = "Calculator ExampleTests.xctest"; sourceTree = BUILT_PRODUCTS_DIR; };
		56147C6921439DCF00EC1019 /* Calculator_ExampleTests.swift */ = {isa = PBXFileReference; lastKnownFileType = sourcecode.swift; path = Calculator_ExampleTests.swift; sourceTree = "<group>"; };
		56147C6B21439DCF00EC1019 /* Info.plist */ = {isa = PBXFileReference; lastKnownFileType = text.plist.xml; path = Info.plist; sourceTree = "<group>"; };
		56147C7021439DCF00EC1019 /* Calculator ExampleUITests.xctest */ = {isa = PBXFileReference; explicitFileType = wrapper.cfbundle; includeInIndex = 0; path = "Calculator ExampleUITests.xctest"; sourceTree = BUILT_PRODUCTS_DIR; };
		56147C7421439DCF00EC1019 /* Calculator_ExampleUITests.swift */ = {isa = PBXFileReference; lastKnownFileType = sourcecode.swift; path = Calculator_ExampleUITests.swift; sourceTree = "<group>"; };
		56147C7621439DCF00EC1019 /* Info.plist */ = {isa = PBXFileReference; lastKnownFileType = text.plist.xml; path = Info.plist; sourceTree = "<group>"; };
/* End PBXFileReference section */

/* Begin PBXFrameworksBuildPhase section */
		56147C4E21439DCE00EC1019 /* Frameworks */ = {
			isa = PBXFrameworksBuildPhase;
			buildActionMask = 2147483647;
			files = (
			);
			runOnlyForDeploymentPostprocessing = 0;
		};
		56147C6221439DCF00EC1019 /* Frameworks */ = {
			isa = PBXFrameworksBuildPhase;
			buildActionMask = 2147483647;
			files = (
			);
			runOnlyForDeploymentPostprocessing = 0;
		};
		56147C6D21439DCF00EC1019 /* Frameworks */ = {
			isa = PBXFrameworksBuildPhase;
			buildActionMask = 2147483647;
			files = (
			);
			runOnlyForDeploymentPostprocessing = 0;
		};
/* End PBXFrameworksBuildPhase section */

/* Begin PBXGroup section */
		56147C4821439DCE00EC1019 = {
			isa = PBXGroup;
			children = (
				56147C5321439DCE00EC1019 /* Calculator Example */,
				56147C6821439DCF00EC1019 /* Calculator ExampleTests */,
				56147C7321439DCF00EC1019 /* Calculator ExampleUITests */,
				56147C5221439DCE00EC1019 /* Products */,
			);
			sourceTree = "<group>";
		};
		56147C5221439DCE00EC1019 /* Products */ = {
			isa = PBXGroup;
			children = (
				56147C5121439DCE00EC1019 /* Calculator Example.app */,
				56147C6521439DCF00EC1019 /* Calculator ExampleTests.xctest */,
				56147C7021439DCF00EC1019 /* Calculator ExampleUITests.xctest */,
			);
			name = Products;
			sourceTree = "<group>";
		};
		56147C5321439DCE00EC1019 /* Calculator Example */ = {
			isa = PBXGroup;
			children = (
				56147C8321439DE100EC1019 /* Views */,
				56147C8221439DD700EC1019 /* Controllers */,
				56147C5421439DCE00EC1019 /* AppDelegate.swift */,
				56147C5B21439DCF00EC1019 /* Assets.xcassets */,
				56147C5D21439DCF00EC1019 /* LaunchScreen.storyboard */,
				56147C6021439DCF00EC1019 /* Info.plist */,
			);
			path = "Calculator Example";
			sourceTree = "<group>";
		};
		56147C6821439DCF00EC1019 /* Calculator ExampleTests */ = {
			isa = PBXGroup;
			children = (
				56147C6921439DCF00EC1019 /* Calculator_ExampleTests.swift */,
				56147C6B21439DCF00EC1019 /* Info.plist */,
			);
			path = "Calculator ExampleTests";
			sourceTree = "<group>";
		};
		56147C7321439DCF00EC1019 /* Calculator ExampleUITests */ = {
			isa = PBXGroup;
			children = (
				56147C7421439DCF00EC1019 /* Calculator_ExampleUITests.swift */,
				56147C7621439DCF00EC1019 /* Info.plist */,
			);
			path = "Calculator ExampleUITests";
			sourceTree = "<group>";
		};
		56147C8221439DD700EC1019 /* Controllers */ = {
			isa = PBXGroup;
			children = (
				56147C5621439DCE00EC1019 /* ViewController.swift */,
			);
			path = Controllers;
			sourceTree = "<group>";
		};
		56147C8321439DE100EC1019 /* Views */ = {
			isa = PBXGroup;
			children = (
				56147C5821439DCE00EC1019 /* Main.storyboard */,
			);
			path = Views;
			sourceTree = "<group>";
		};
/* End PBXGroup section */

/* Begin PBXNativeTarget section */
		56147C5021439DCE00EC1019 /* Calculator Example */ = {
			isa = PBXNativeTarget;
			buildConfigurationList = 56147C7921439DCF00EC1019 /* Build configuration list for PBXNativeTarget "Calculator Example" */;
			buildPhases = (
				56147C4D21439DCE00EC1019 /* Sources */,
				56147C4E21439DCE00EC1019 /* Frameworks */,
				56147C4F21439DCE00EC1019 /* Resources */,
			);
			buildRules = (
			);
			dependencies = (
			);
			name = "Calculator Example";
			productName = "Calculator Example";
			productReference = 56147C5121439DCE00EC1019 /* Calculator Example.app */;
			productType = "com.apple.product-type.application";
		};
		56147C6421439DCF00EC1019 /* Calculator ExampleTests */ = {
			isa = PBXNativeTarget;
			buildConfigurationList = 56147C7C21439DCF00EC1019 /* Build configuration list for PBXNativeTarget "Calculator ExampleTests" */;
			buildPhases = (
				56147C6121439DCF00EC1019 /* Sources */,
				56147C6221439DCF00EC1019 /* Frameworks */,
				56147C6321439DCF00EC1019 /* Resources */,
			);
			buildRules = (
			);
			dependencies = (
				56147C6721439DCF00EC1019 /* PBXTargetDependency */,
			);
			name = "Calculator ExampleTests";
			productName = "Calculator ExampleTests";
			productReference = 56147C6521439DCF00EC1019 /* Calculator ExampleTests.xctest */;
			productType = "com.apple.product-type.bundle.unit-test";
		};
		56147C6F21439DCF00EC1019 /* Calculator ExampleUITests */ = {
			isa = PBXNativeTarget;
			buildConfigurationList = 56147C7F21439DCF00EC1019 /* Build configuration list for PBXNativeTarget "Calculator ExampleUITests" */;
			buildPhases = (
				56147C6C21439DCF00EC1019 /* Sources */,
				56147C6D21439DCF00EC1019 /* Frameworks */,
				56147C6E21439DCF00EC1019 /* Resources */,
			);
			buildRules = (
			);
			dependencies = (
				56147C7221439DCF00EC1019 /* PBXTargetDependency */,
			);
			name = "Calculator ExampleUITests";
			productName = "Calculator ExampleUITests";
			productReference = 56147C7021439DCF00EC1019 /* Calculator ExampleUITests.xctest */;
			productType = "com.apple.product-type.bundle.ui-testing";
		};
/* End PBXNativeTarget section */

/* Begin PBXProject section */
		56147C4921439DCE00EC1019 /* Project object */ = {
			isa = PBXProject;
			attributes = {
				LastSwiftUpdateCheck = 0940;
				LastUpgradeCheck = 0940;
				ORGANIZATIONNAME = "Lut Dinar Fadila";
				TargetAttributes = {
					56147C5021439DCE00EC1019 = {
						CreatedOnToolsVersion = 9.4.1;
					};
					56147C6421439DCF00EC1019 = {
						CreatedOnToolsVersion = 9.4.1;
						TestTargetID = 56147C5021439DCE00EC1019;
					};
					56147C6F21439DCF00EC1019 = {
						CreatedOnToolsVersion = 9.4.1;
						TestTargetID = 56147C5021439DCE00EC1019;
					};
				};
			};
			buildConfigurationList = 56147C4C21439DCE00EC1019 /* Build configuration list for PBXProject "Calculator Example" */;
			compatibilityVersion = "Xcode 9.3";
			developmentRegion = en;
			hasScannedForEncodings = 0;
			knownRegions = (
				en,
				Base,
			);
			mainGroup = 56147C4821439DCE00EC1019;
			productRefGroup = 56147C5221439DCE00EC1019 /* Products */;
			projectDirPath = "";
			projectRoot = "";
			targets = (
				56147C5021439DCE00EC1019 /* Calculator Example */,
				56147C6421439DCF00EC1019 /* Calculator ExampleTests */,
				56147C6F21439DCF00EC1019 /* Calculator ExampleUITests */,
			);
		};
/* End PBXProject section */

/* Begin PBXResourcesBuildPhase section */
		56147C4F21439DCE00EC1019 /* Resources */ = {
			isa = PBXResourcesBuildPhase;
			buildActionMask = 2147483647;
			files = (
				56147C5F21439DCF00EC1019 /* LaunchScreen.storyboard in Resources */,
				56147C5C21439DCF00EC1019 /* Assets.xcassets in Resources */,
				56147C5A21439DCE00EC1019 /* Main.storyboard in Resources */,
			);
			runOnlyForDeploymentPostprocessing = 0;
		};
		56147C6321439DCF00EC1019 /* Resources */ = {
			isa = PBXResourcesBuildPhase;
			buildActionMask = 2147483647;
			files = (
			);
			runOnlyForDeploymentPostprocessing = 0;
		};
		56147C6E21439DCF00EC1019 /* Resources */ = {
			isa = PBXResourcesBuildPhase;
			buildActionMask = 2147483647;
			files = (
			);
			runOnlyForDeploymentPostprocessing = 0;
		};
/* End PBXResourcesBuildPhase section */

/* Begin PBXSourcesBuildPhase section */
		56147C4D21439DCE00EC1019 /* Sources */ = {
			isa = PBXSourcesBuildPhase;
			buildActionMask = 2147483647;
			files = (
				56147C5721439DCE00EC1019 /* ViewController.swift in Sources */,
				56147C5521439DCE00EC1019 /* AppDelegate.swift in Sources */,
			);
			runOnlyForDeploymentPostprocessing = 0;
		};
		56147C6121439DCF00EC1019 /* Sources */ = {
			isa = PBXSourcesBuildPhase;
			buildActionMask = 2147483647;
			files = (
				56147C6A21439DCF00EC1019 /* Calculator_ExampleTests.swift in Sources */,
			);
			runOnlyForDeploymentPostprocessing = 0;
		};
		56147C6C21439DCF00EC1019 /* Sources */ = {
			isa = PBXSourcesBuildPhase;
			buildActionMask = 2147483647;
			files = (
				56147C7521439DCF00EC1019 /* Calculator_ExampleUITests.swift in Sources */,
			);
			runOnlyForDeploymentPostprocessing = 0;
		};
/* End PBXSourcesBuildPhase section */

/* Begin PBXTargetDependency section */
		56147C6721439DCF00EC1019 /* PBXTargetDependency */ = {
			isa = PBXTargetDependency;
			target = 56147C5021439DCE00EC1019 /* Calculator Example */;
			targetProxy = 56147C6621439DCF00EC1019 /* PBXContainerItemProxy */;
		};
		56147C7221439DCF00EC1019 /* PBXTargetDependency */ = {
			isa = PBXTargetDependency;
			target = 56147C5021439DCE00EC1019 /* Calculator Example */;
			targetProxy = 56147C7121439DCF00EC1019 /* PBXContainerItemProxy */;
		};
/* End PBXTargetDependency section */

/* Begin PBXVariantGroup section */
		56147C5821439DCE00EC1019 /* Main.storyboard */ = {
			isa = PBXVariantGroup;
			children = (
				56147C5921439DCE00EC1019 /* Base */,
			);
			name = Main.storyboard;
			sourceTree = "<group>";
		};
		56147C5D21439DCF00EC1019 /* LaunchScreen.storyboard */ = {
			isa = PBXVariantGroup;
			children = (
				56147C5E21439DCF00EC1019 /* Base */,
			);
			name = LaunchScreen.storyboard;
			sourceTree = "<group>";
		};
/* End PBXVariantGroup section */

/* Begin XCBuildConfiguration section */
		56147C7721439DCF00EC1019 /* Debug */ = {
			isa = XCBuildConfiguration;
			buildSettings = {
				ALWAYS_SEARCH_USER_PATHS = NO;
				CLANG_ANALYZER_NONNULL = YES;
				CLANG_ANALYZER_NUMBER_OBJECT_CONVERSION = YES_AGGRESSIVE;
				CLANG_CXX_LANGUAGE_STANDARD = "gnu++14";
				CLANG_CXX_LIBRARY = "libc++";
				CLANG_ENABLE_MODULES = YES;
				CLANG_ENABLE_OBJC_ARC = YES;
				CLANG_ENABLE_OBJC_WEAK = YES;
				CLANG_WARN_BLOCK_CAPTURE_AUTORELEASING = YES;
				CLANG_WARN_BOOL_CONVERSION = YES;
				CLANG_WARN_COMMA = YES;
				CLANG_WARN_CONSTANT_CONVERSION = YES;
				CLANG_WARN_DEPRECATED_OBJC_IMPLEMENTATIONS = YES;
				CLANG_WARN_DIRECT_OBJC_ISA_USAGE = YES_ERROR;
				CLANG_WARN_DOCUMENTATION_COMMENTS = YES;
				CLANG_WARN_EMPTY_BODY = YES;
				CLANG_WARN_ENUM_CONVERSION = YES;
				CLANG_WARN_INFINITE_RECURSION = YES;
				CLANG_WARN_INT_CONVERSION = YES;
				CLANG_WARN_NON_LITERAL_NULL_CONVERSION = YES;
				CLANG_WARN_OBJC_IMPLICIT_RETAIN_SELF = YES;
				CLANG_WARN_OBJC_LITERAL_CONVERSION = YES;
				CLANG_WARN_OBJC_ROOT_CLASS = YES_ERROR;
				CLANG_WARN_RANGE_LOOP_ANALYSIS = YES;
				CLANG_WARN_STRICT_PROTOTYPES = YES;
				CLANG_WARN_SUSPICIOUS_MOVE = YES;
				CLANG_WARN_UNGUARDED_AVAILABILITY = YES_AGGRESSIVE;
				CLANG_WARN_UNREACHABLE_CODE = YES;
				CLANG_WARN__DUPLICATE_METHOD_MATCH = YES;
				CODE_SIGN_IDENTITY = "iPhone Developer";
				COPY_PHASE_STRIP = NO;
				DEBUG_INFORMATION_FORMAT = dwarf;
				ENABLE_STRICT_OBJC_MSGSEND = YES;
				ENABLE_TESTABILITY = YES;
				GCC_C_LANGUAGE_STANDARD = gnu11;
				GCC_DYNAMIC_NO_PIC = NO;
				GCC_NO_COMMON_BLOCKS = YES;
				GCC_OPTIMIZATION_LEVEL = 0;
				GCC_PREPROCESSOR_DEFINITIONS = (
					"DEBUG=1",
					"$(inherited)",
				);
				GCC_WARN_64_TO_32_BIT_CONVERSION = YES;
				GCC_WARN_ABOUT_RETURN_TYPE = YES_ERROR;
				GCC_WARN_UNDECLARED_SELECTOR = YES;
				GCC_WARN_UNINITIALIZED_AUTOS = YES_AGGRESSIVE;
				GCC_WARN_UNUSED_FUNCTION = YES;
				GCC_WARN_UNUSED_VARIABLE = YES;
				IPHONEOS_DEPLOYMENT_TARGET = 11.4;
				MTL_ENABLE_DEBUG_INFO = YES;
				ONLY_ACTIVE_ARCH = YES;
				SDKROOT = iphoneos;
				SWIFT_ACTIVE_COMPILATION_CONDITIONS = DEBUG;
				SWIFT_OPTIMIZATION_LEVEL = "-Onone";
			};
			name = Debug;
		};
		56147C7821439DCF00EC1019 /* Release */ = {
			isa = XCBuildConfiguration;
			buildSettings = {
				ALWAYS_SEARCH_USER_PATHS = NO;
				CLANG_ANALYZER_NONNULL = YES;
				CLANG_ANALYZER_NUMBER_OBJECT_CONVERSION = YES_AGGRESSIVE;
				CLANG_CXX_LANGUAGE_STANDARD = "gnu++14";
				CLANG_CXX_LIBRARY = "libc++";
				CLANG_ENABLE_MODULES = YES;
				CLANG_ENABLE_OBJC_ARC = YES;
				CLANG_ENABLE_OBJC_WEAK = YES;
				CLANG_WARN_BLOCK_CAPTURE_AUTORELEASING = YES;
				CLANG_WARN_BOOL_CONVERSION = YES;
				CLANG_WARN_COMMA = YES;
				CLANG_WARN_CONSTANT_CONVERSION = YES;
				CLANG_WARN_DEPRECATED_OBJC_IMPLEMENTATIONS = YES;
				CLANG_WARN_DIRECT_OBJC_ISA_USAGE = YES_ERROR;
				CLANG_WARN_DOCUMENTATION_COMMENTS = YES;
				CLANG_WARN_EMPTY_BODY = YES;
				CLANG_WARN_ENUM_CONVERSION = YES;
				CLANG_WARN_INFINITE_RECURSION = YES;
				CLANG_WARN_INT_CONVERSION = YES;
				CLANG_WARN_NON_LITERAL_NULL_CONVERSION = YES;
				CLANG_WARN_OBJC_IMPLICIT_RETAIN_SELF = YES;
				CLANG_WARN_OBJC_LITERAL_CONVERSION = YES;
				CLANG_WARN_OBJC_ROOT_CLASS = YES_ERROR;
				CLANG_WARN_RANGE_LOOP_ANALYSIS = YES;
				CLANG_WARN_STRICT_PROTOTYPES = YES;
				CLANG_WARN_SUSPICIOUS_MOVE = YES;
				CLANG_WARN_UNGUARDED_AVAILABILITY = YES_AGGRESSIVE;
				CLANG_WARN_UNREACHABLE_CODE = YES;
				CLANG_WARN__DUPLICATE_METHOD_MATCH = YES;
				CODE_SIGN_IDENTITY = "iPhone Developer";
				COPY_PHASE_STRIP = NO;
				DEBUG_INFORMATION_FORMAT = "dwarf-with-dsym";
				ENABLE_NS_ASSERTIONS = NO;
				ENABLE_STRICT_OBJC_MSGSEND = YES;
				GCC_C_LANGUAGE_STANDARD = gnu11;
				GCC_NO_COMMON_BLOCKS = YES;
				GCC_WARN_64_TO_32_BIT_CONVERSION = YES;
				GCC_WARN_ABOUT_RETURN_TYPE = YES_ERROR;
				GCC_WARN_UNDECLARED_SELECTOR = YES;
				GCC_WARN_UNINITIALIZED_AUTOS = YES_AGGRESSIVE;
				GCC_WARN_UNUSED_FUNCTION = YES;
				GCC_WARN_UNUSED_VARIABLE = YES;
				IPHONEOS_DEPLOYMENT_TARGET = 11.4;
				MTL_ENABLE_DEBUG_INFO = NO;
				SDKROOT = iphoneos;
				SWIFT_COMPILATION_MODE = wholemodule;
				SWIFT_OPTIMIZATION_LEVEL = "-O";
				VALIDATE_PRODUCT = YES;
			};
			name = Release;
		};
		56147C7A21439DCF00EC1019 /* Debug */ = {
			isa = XCBuildConfiguration;
			buildSettings = {
				ASSETCATALOG_COMPILER_APPICON_NAME = AppIcon;
				CODE_SIGN_STYLE = Automatic;
				DEVELOPMENT_TEAM = 8876A5MGCU;
				INFOPLIST_FILE = "Calculator Example/Info.plist";
				LD_RUNPATH_SEARCH_PATHS = (
					"$(inherited)",
					"@executable_path/Frameworks",
				);
				PRODUCT_BUNDLE_IDENTIFIER = "com.lutdinar.Calculator-Example";
				PRODUCT_NAME = "$(TARGET_NAME)";
				SWIFT_VERSION = 4.0;
				TARGETED_DEVICE_FAMILY = "1,2";
			};
			name = Debug;
		};
		56147C7B21439DCF00EC1019 /* Release */ = {
			isa = XCBuildConfiguration;
			buildSettings = {
				ASSETCATALOG_COMPILER_APPICON_NAME = AppIcon;
				CODE_SIGN_STYLE = Automatic;
				DEVELOPMENT_TEAM = 8876A5MGCU;
				INFOPLIST_FILE = "Calculator Example/Info.plist";
				LD_RUNPATH_SEARCH_PATHS = (
					"$(inherited)",
					"@executable_path/Frameworks",
				);
				PRODUCT_BUNDLE_IDENTIFIER = "com.lutdinar.Calculator-Example";
				PRODUCT_NAME = "$(TARGET_NAME)";
				SWIFT_VERSION = 4.0;
				TARGETED_DEVICE_FAMILY = "1,2";
			};
			name = Release;
		};
		56147C7D21439DCF00EC1019 /* Debug */ = {
			isa = XCBuildConfiguration;
			buildSettings = {
				ALWAYS_EMBED_SWIFT_STANDARD_LIBRARIES = YES;
				BUNDLE_LOADER = "$(TEST_HOST)";
				CODE_SIGN_STYLE = Automatic;
				DEVELOPMENT_TEAM = 8876A5MGCU;
				INFOPLIST_FILE = "Calculator ExampleTests/Info.plist";
				LD_RUNPATH_SEARCH_PATHS = (
					"$(inherited)",
					"@executable_path/Frameworks",
					"@loader_path/Frameworks",
				);
				PRODUCT_BUNDLE_IDENTIFIER = "com.lutdinar.Calculator-ExampleTests";
				PRODUCT_NAME = "$(TARGET_NAME)";
				SWIFT_VERSION = 4.0;
				TARGETED_DEVICE_FAMILY = "1,2";
				TEST_HOST = "$(BUILT_PRODUCTS_DIR)/Calculator Example.app/Calculator Example";
			};
			name = Debug;
		};
		56147C7E21439DCF00EC1019 /* Release */ = {
			isa = XCBuildConfiguration;
			buildSettings = {
				ALWAYS_EMBED_SWIFT_STANDARD_LIBRARIES = YES;
				BUNDLE_LOADER = "$(TEST_HOST)";
				CODE_SIGN_STYLE = Automatic;
				DEVELOPMENT_TEAM = 8876A5MGCU;
				INFOPLIST_FILE = "Calculator ExampleTests/Info.plist";
				LD_RUNPATH_SEARCH_PATHS = (
					"$(inherited)",
					"@executable_path/Frameworks",
					"@loader_path/Frameworks",
				);
				PRODUCT_BUNDLE_IDENTIFIER = "com.lutdinar.Calculator-ExampleTests";
				PRODUCT_NAME = "$(TARGET_NAME)";
				SWIFT_VERSION = 4.0;
				TARGETED_DEVICE_FAMILY = "1,2";
				TEST_HOST = "$(BUILT_PRODUCTS_DIR)/Calculator Example.app/Calculator Example";
			};
			name = Release;
		};
		56147C8021439DCF00EC1019 /* Debug */ = {
			isa = XCBuildConfiguration;
			buildSettings = {
				ALWAYS_EMBED_SWIFT_STANDARD_LIBRARIES = YES;
				CODE_SIGN_STYLE = Automatic;
				DEVELOPMENT_TEAM = 8876A5MGCU;
				INFOPLIST_FILE = "Calculator ExampleUITests/Info.plist";
				LD_RUNPATH_SEARCH_PATHS = (
					"$(inherited)",
					"@executable_path/Frameworks",
					"@loader_path/Frameworks",
				);
				PRODUCT_BUNDLE_IDENTIFIER = "com.lutdinar.Calculator-ExampleUITests";
				PRODUCT_NAME = "$(TARGET_NAME)";
				SWIFT_VERSION = 4.0;
				TARGETED_DEVICE_FAMILY = "1,2";
				TEST_TARGET_NAME = "Calculator Example";
			};
			name = Debug;
		};
		56147C8121439DCF00EC1019 /* Release */ = {
			isa = XCBuildConfiguration;
			buildSettings = {
				ALWAYS_EMBED_SWIFT_STANDARD_LIBRARIES = YES;
				CODE_SIGN_STYLE = Automatic;
				DEVELOPMENT_TEAM = 8876A5MGCU;
				INFOPLIST_FILE = "Calculator ExampleUITests/Info.plist";
				LD_RUNPATH_SEARCH_PATHS = (
					"$(inherited)",
					"@executable_path/Frameworks",
					"@loader_path/Frameworks",
				);
				PRODUCT_BUNDLE_IDENTIFIER = "com.lutdinar.Calculator-ExampleUITests";
				PRODUCT_NAME = "$(TARGET_NAME)";
				SWIFT_VERSION = 4.0;
				TARGETED_DEVICE_FAMILY = "1,2";
				TEST_TARGET_NAME = "Calculator Example";
			};
			name = Release;
		};
/* End XCBuildConfiguration section */

/* Begin XCConfigurationList section */
		56147C4C21439DCE00EC1019 /* Build configuration list for PBXProject "Calculator Example" */ = {
			isa = XCConfigurationList;
			buildConfigurations = (
				56147C7721439DCF00EC1019 /* Debug */,
				56147C7821439DCF00EC1019 /* Release */,
			);
			defaultConfigurationIsVisible = 0;
			defaultConfigurationName = Release;
		};
		56147C7921439DCF00EC1019 /* Build configuration list for PBXNativeTarget "Calculator Example" */ = {
			isa = XCConfigurationList;
			buildConfigurations = (
				56147C7A21439DCF00EC1019 /* Debug */,
				56147C7B21439DCF00EC1019 /* Release */,
			);
			defaultConfigurationIsVisible = 0;
			defaultConfigurationName = Release;
		};
		56147C7C21439DCF00EC1019 /* Build configuration list for PBXNativeTarget "Calculator ExampleTests" */ = {
			isa = XCConfigurationList;
			buildConfigurations = (
				56147C7D21439DCF00EC1019 /* Debug */,
				56147C7E21439DCF00EC1019 /* Release */,
			);
			defaultConfigurationIsVisible = 0;
			defaultConfigurationName = Release;
		};
		56147C7F21439DCF00EC1019 /* Build configuration list for PBXNativeTarget "Calculator ExampleUITests" */ = {
			isa = XCConfigurationList;
			buildConfigurations = (
				56147C8021439DCF00EC1019 /* Debug */,
				56147C8121439DCF00EC1019 /* Release */,
			);
			defaultConfigurationIsVisible = 0;
			defaultConfigurationName = Release;
		};
/* End XCConfigurationList section */
	};
	rootObject = 56147C4921439DCE00EC1019 /* Project object */;
}
